// !$*UTF8*$!
{
	archiveVersion = 1;
	classes = {
	};
	objectVersion = 46;
	objects = {

/* Begin PBXBuildFile section */
		280DB1401EF17C52000CDDD8 /* main.m in Sources */ = {isa = PBXBuildFile; fileRef = 280DB13F1EF17C52000CDDD8 /* main.m */; };
		280DB1431EF17C52000CDDD8 /* AppDelegate.m in Sources */ = {isa = PBXBuildFile; fileRef = 280DB1421EF17C52000CDDD8 /* AppDelegate.m */; };
		280DB1461EF17C52000CDDD8 /* ViewController.m in Sources */ = {isa = PBXBuildFile; fileRef = 280DB1451EF17C52000CDDD8 /* ViewController.m */; };
		280DB1491EF17C52000CDDD8 /* Main.storyboard in Resources */ = {isa = PBXBuildFile; fileRef = 280DB1471EF17C52000CDDD8 /* Main.storyboard */; };
		280DB14B1EF17C52000CDDD8 /* Assets.xcassets in Resources */ = {isa = PBXBuildFile; fileRef = 280DB14A1EF17C52000CDDD8 /* Assets.xcassets */; };
		280DB14E1EF17C52000CDDD8 /* LaunchScreen.storyboard in Resources */ = {isa = PBXBuildFile; fileRef = 280DB14C1EF17C52000CDDD8 /* LaunchScreen.storyboard */; };
		280DB1591EF17C52000CDDD8 /* RunloopTests.m in Sources */ = {isa = PBXBuildFile; fileRef = 280DB1581EF17C52000CDDD8 /* RunloopTests.m */; };
		280DB1641EF17C52000CDDD8 /* RunloopUITests.m in Sources */ = {isa = PBXBuildFile; fileRef = 280DB1631EF17C52000CDDD8 /* RunloopUITests.m */; };
/* End PBXBuildFile section */

/* Begin PBXContainerItemProxy section */
		280DB1551EF17C52000CDDD8 /* PBXContainerItemProxy */ = {
			isa = PBXContainerItemProxy;
			containerPortal = 280DB1331EF17C52000CDDD8 /* Project object */;
			proxyType = 1;
			remoteGlobalIDString = 280DB13A1EF17C52000CDDD8;
			remoteInfo = Runloop;
		};
		280DB1601EF17C52000CDDD8 /* PBXContainerItemProxy */ = {
			isa = PBXContainerItemProxy;
			containerPortal = 280DB1331EF17C52000CDDD8 /* Project object */;
			proxyType = 1;
			remoteGlobalIDString = 280DB13A1EF17C52000CDDD8;
			remoteInfo = Runloop;
		};
/* End PBXContainerItemProxy section */

/* Begin PBXFileReference section */
		280DB13B1EF17C52000CDDD8 /* Runloop.app */ = {isa = PBXFileReference; explicitFileType = wrapper.application; includeInIndex = 0; path = Runloop.app; sourceTree = BUILT_PRODUCTS_DIR; };
		280DB13F1EF17C52000CDDD8 /* main.m */ = {isa = PBXFileReference; lastKnownFileType = sourcecode.c.objc; path = main.m; sourceTree = "<group>"; };
		280DB1411EF17C52000CDDD8 /* AppDelegate.h */ = {isa = PBXFileReference; lastKnownFileType = sourcecode.c.h; path = AppDelegate.h; sourceTree = "<group>"; };
		280DB1421EF17C52000CDDD8 /* AppDelegate.m */ = {isa = PBXFileReference; lastKnownFileType = sourcecode.c.objc; path = AppDelegate.m; sourceTree = "<group>"; };
		280DB1441EF17C52000CDDD8 /* ViewController.h */ = {isa = PBXFileReference; lastKnownFileType = sourcecode.c.h; path = ViewController.h; sourceTree = "<group>"; };
		280DB1451EF17C52000CDDD8 /* ViewController.m */ = {isa = PBXFileReference; lastKnownFileType = sourcecode.c.objc; path = ViewController.m; sourceTree = "<group>"; };
		280DB1481EF17C52000CDDD8 /* Base */ = {isa = PBXFileReference; lastKnownFileType = file.storyboard; name = Base; path = Base.lproj/Main.storyboard; sourceTree = "<group>"; };
		280DB14A1EF17C52000CDDD8 /* Assets.xcassets */ = {isa = PBXFileReference; lastKnownFileType = folder.assetcatalog; path = Assets.xcassets; sourceTree = "<group>"; };
		280DB14D1EF17C52000CDDD8 /* Base */ = {isa = PBXFileReference; lastKnownFileType = file.storyboard; name = Base; path = Base.lproj/LaunchScreen.storyboard; sourceTree = "<group>"; };
		280DB14F1EF17C52000CDDD8 /* Info.plist */ = {isa = PBXFileReference; lastKnownFileType = text.plist.xml; path = Info.plist; sourceTree = "<group>"; };
		280DB1541EF17C52000CDDD8 /* RunloopTests.xctest */ = {isa = PBXFileReference; explicitFileType = wrapper.cfbundle; includeInIndex = 0; path = RunloopTests.xctest; sourceTree = BUILT_PRODUCTS_DIR; };
		280DB1581EF17C52000CDDD8 /* RunloopTests.m */ = {isa = PBXFileReference; lastKnownFileType = sourcecode.c.objc; path = RunloopTests.m; sourceTree = "<group>"; };
		280DB15A1EF17C52000CDDD8 /* Info.plist */ = {isa = PBXFileReference; lastKnownFileType = text.plist.xml; path = Info.plist; sourceTree = "<group>"; };
		280DB15F1EF17C52000CDDD8 /* RunloopUITests.xctest */ = {isa = PBXFileReference; explicitFileType = wrapper.cfbundle; includeInIndex = 0; path = RunloopUITests.xctest; sourceTree = BUILT_PRODUCTS_DIR; };
		280DB1631EF17C52000CDDD8 /* RunloopUITests.m */ = {isa = PBXFileReference; lastKnownFileType = sourcecode.c.objc; path = RunloopUITests.m; sourceTree = "<group>"; };
		280DB1651EF17C52000CDDD8 /* Info.plist */ = {isa = PBXFileReference; lastKnownFileType = text.plist.xml; path = Info.plist; sourceTree = "<group>"; };
/* End PBXFileReference section */

/* Begin PBXFrameworksBuildPhase section */
		280DB1381EF17C52000CDDD8 /* Frameworks */ = {
			isa = PBXFrameworksBuildPhase;
			buildActionMask = 2147483647;
			files = (
			);
			runOnlyForDeploymentPostprocessing = 0;
		};
		280DB1511EF17C52000CDDD8 /* Frameworks */ = {
			isa = PBXFrameworksBuildPhase;
			buildActionMask = 2147483647;
			files = (
			);
			runOnlyForDeploymentPostprocessing = 0;
		};
		280DB15C1EF17C52000CDDD8 /* Frameworks */ = {
			isa = PBXFrameworksBuildPhase;
			buildActionMask = 2147483647;
			files = (
			);
			runOnlyForDeploymentPostprocessing = 0;
		};
/* End PBXFrameworksBuildPhase section */

/* Begin PBXGroup section */
		280DB1321EF17C52000CDDD8 = {
			isa = PBXGroup;
			children = (
				280DB13D1EF17C52000CDDD8 /* Runloop */,
				280DB1571EF17C52000CDDD8 /* RunloopTests */,
				280DB1621EF17C52000CDDD8 /* RunloopUITests */,
				280DB13C1EF17C52000CDDD8 /* Products */,
			);
			sourceTree = "<group>";
		};
		280DB13C1EF17C52000CDDD8 /* Products */ = {
			isa = PBXGroup;
			children = (
				280DB13B1EF17C52000CDDD8 /* Runloop.app */,
				280DB1541EF17C52000CDDD8 /* RunloopTests.xctest */,
				280DB15F1EF17C52000CDDD8 /* RunloopUITests.xctest */,
			);
			name = Products;
			sourceTree = "<group>";
		};
		280DB13D1EF17C52000CDDD8 /* Runloop */ = {
			isa = PBXGroup;
			children = (
				280DB1411EF17C52000CDDD8 /* AppDelegate.h */,
				280DB1421EF17C52000CDDD8 /* AppDelegate.m */,
				280DB1441EF17C52000CDDD8 /* ViewController.h */,
				280DB1451EF17C52000CDDD8 /* ViewController.m */,
				280DB1471EF17C52000CDDD8 /* Main.storyboard */,
				280DB14A1EF17C52000CDDD8 /* Assets.xcassets */,
				280DB14C1EF17C52000CDDD8 /* LaunchScreen.storyboard */,
				280DB14F1EF17C52000CDDD8 /* Info.plist */,
				280DB13E1EF17C52000CDDD8 /* Supporting Files */,
			);
			path = Runloop;
			sourceTree = "<group>";
		};
		280DB13E1EF17C52000CDDD8 /* Supporting Files */ = {
			isa = PBXGroup;
			children = (
				280DB13F1EF17C52000CDDD8 /* main.m */,
			);
			name = "Supporting Files";
			sourceTree = "<group>";
		};
		280DB1571EF17C52000CDDD8 /* RunloopTests */ = {
			isa = PBXGroup;
			children = (
				280DB1581EF17C52000CDDD8 /* RunloopTests.m */,
				280DB15A1EF17C52000CDDD8 /* Info.plist */,
			);
			path = RunloopTests;
			sourceTree = "<group>";
		};
		280DB1621EF17C52000CDDD8 /* RunloopUITests */ = {
			isa = PBXGroup;
			children = (
				280DB1631EF17C52000CDDD8 /* RunloopUITests.m */,
				280DB1651EF17C52000CDDD8 /* Info.plist */,
			);
			path = RunloopUITests;
			sourceTree = "<group>";
		};
/* End PBXGroup section */

/* Begin PBXNativeTarget section */
		280DB13A1EF17C52000CDDD8 /* Runloop */ = {
			isa = PBXNativeTarget;
			buildConfigurationList = 280DB1681EF17C52000CDDD8 /* Build configuration list for PBXNativeTarget "Runloop" */;
			buildPhases = (
				280DB1371EF17C52000CDDD8 /* Sources */,
				280DB1381EF17C52000CDDD8 /* Frameworks */,
				280DB1391EF17C52000CDDD8 /* Resources */,
			);
			buildRules = (
			);
			dependencies = (
			);
			name = Runloop;
			productName = Runloop;
			productReference = 280DB13B1EF17C52000CDDD8 /* Runloop.app */;
			productType = "com.apple.product-type.application";
		};
		280DB1531EF17C52000CDDD8 /* RunloopTests */ = {
			isa = PBXNativeTarget;
			buildConfigurationList = 280DB16B1EF17C52000CDDD8 /* Build configuration list for PBXNativeTarget "RunloopTests" */;
			buildPhases = (
				280DB1501EF17C52000CDDD8 /* Sources */,
				280DB1511EF17C52000CDDD8 /* Frameworks */,
				280DB1521EF17C52000CDDD8 /* Resources */,
			);
			buildRules = (
			);
			dependencies = (
				280DB1561EF17C52000CDDD8 /* PBXTargetDependency */,
			);
			name = RunloopTests;
			productName = RunloopTests;
			productReference = 280DB1541EF17C52000CDDD8 /* RunloopTests.xctest */;
			productType = "com.apple.product-type.bundle.unit-test";
		};
		280DB15E1EF17C52000CDDD8 /* RunloopUITests */ = {
			isa = PBXNativeTarget;
			buildConfigurationList = 280DB16E1EF17C52000CDDD8 /* Build configuration list for PBXNativeTarget "RunloopUITests" */;
			buildPhases = (
				280DB15B1EF17C52000CDDD8 /* Sources */,
				280DB15C1EF17C52000CDDD8 /* Frameworks */,
				280DB15D1EF17C52000CDDD8 /* Resources */,
			);
			buildRules = (
			);
			dependencies = (
				280DB1611EF17C52000CDDD8 /* PBXTargetDependency */,
			);
			name = RunloopUITests;
			productName = RunloopUITests;
			productReference = 280DB15F1EF17C52000CDDD8 /* RunloopUITests.xctest */;
			productType = "com.apple.product-type.bundle.ui-testing";
		};
/* End PBXNativeTarget section */

/* Begin PBXProject section */
		280DB1331EF17C52000CDDD8 /* Project object */ = {
			isa = PBXProject;
			attributes = {
				LastUpgradeCheck = 0820;
				ORGANIZATIONNAME = db;
				TargetAttributes = {
					280DB13A1EF17C52000CDDD8 = {
						CreatedOnToolsVersion = 8.2.1;
						DevelopmentTeam = MCD2K9S9H7;
						ProvisioningStyle = Automatic;
					};
					280DB1531EF17C52000CDDD8 = {
						CreatedOnToolsVersion = 8.2.1;
						DevelopmentTeam = TACS654R37;
						ProvisioningStyle = Automatic;
						TestTargetID = 280DB13A1EF17C52000CDDD8;
					};
					280DB15E1EF17C52000CDDD8 = {
						CreatedOnToolsVersion = 8.2.1;
						DevelopmentTeam = TACS654R37;
						ProvisioningStyle = Automatic;
						TestTargetID = 280DB13A1EF17C52000CDDD8;
					};
				};
			};
			buildConfigurationList = 280DB1361EF17C52000CDDD8 /* Build configuration list for PBXProject "Runloop" */;
			compatibilityVersion = "Xcode 3.2";
			developmentRegion = English;
			hasScannedForEncodings = 0;
			knownRegions = (
				en,
				Base,
			);
			mainGroup = 280DB1321EF17C52000CDDD8;
			productRefGroup = 280DB13C1EF17C52000CDDD8 /* Products */;
			projectDirPath = "";
			projectRoot = "";
			targets = (
				280DB13A1EF17C52000CDDD8 /* Runloop */,
				280DB1531EF17C52000CDDD8 /* RunloopTests */,
				280DB15E1EF17C52000CDDD8 /* RunloopUITests */,
			);
		};
/* End PBXProject section */

/* Begin PBXResourcesBuildPhase section */
		280DB1391EF17C52000CDDD8 /* Resources */ = {
			isa = PBXResourcesBuildPhase;
			buildActionMask = 2147483647;
			files = (
				280DB14E1EF17C52000CDDD8 /* LaunchScreen.storyboard in Resources */,
				280DB14B1EF17C52000CDDD8 /* Assets.xcassets in Resources */,
				280DB1491EF17C52000CDDD8 /* Main.storyboard in Resources */,
			);
			runOnlyForDeploymentPostprocessing = 0;
		};
		280DB1521EF17C52000CDDD8 /* Resources */ = {
			isa = PBXResourcesBuildPhase;
			buildActionMask = 2147483647;
			files = (
			);
			runOnlyForDeploymentPostprocessing = 0;
		};
		280DB15D1EF17C52000CDDD8 /* Resources */ = {
			isa = PBXResourcesBuildPhase;
			buildActionMask = 2147483647;
			files = (
			);
			runOnlyForDeploymentPostprocessing = 0;
		};
/* End PBXResourcesBuildPhase section */

/* Begin PBXSourcesBuildPhase section */
		280DB1371EF17C52000CDDD8 /* Sources */ = {
			isa = PBXSourcesBuildPhase;
			buildActionMask = 2147483647;
			files = (
				280DB1461EF17C52000CDDD8 /* ViewController.m in Sources */,
				280DB1431EF17C52000CDDD8 /* AppDelegate.m in Sources */,
				280DB1401EF17C52000CDDD8 /* main.m in Sources */,
			);
			runOnlyForDeploymentPostprocessing = 0;
		};
		280DB1501EF17C52000CDDD8 /* Sources */ = {
			isa = PBXSourcesBuildPhase;
			buildActionMask = 2147483647;
			files = (
				280DB1591EF17C52000CDDD8 /* RunloopTests.m in Sources */,
			);
			runOnlyForDeploymentPostprocessing = 0;
		};
		280DB15B1EF17C52000CDDD8 /* Sources */ = {
			isa = PBXSourcesBuildPhase;
			buildActionMask = 2147483647;
			files = (
				280DB1641EF17C52000CDDD8 /* RunloopUITests.m in Sources */,
			);
			runOnlyForDeploymentPostprocessing = 0;
		};
/* End PBXSourcesBuildPhase section */

/* Begin PBXTargetDependency section */
		280DB1561EF17C52000CDDD8 /* PBXTargetDependency */ = {
			isa = PBXTargetDependency;
			target = 280DB13A1EF17C52000CDDD8 /* Runloop */;
			targetProxy = 280DB1551EF17C52000CDDD8 /* PBXContainerItemProxy */;
		};
		280DB1611EF17C52000CDDD8 /* PBXTargetDependency */ = {
			isa = PBXTargetDependency;
			target = 280DB13A1EF17C52000CDDD8 /* Runloop */;
			targetProxy = 280DB1601EF17C52000CDDD8 /* PBXContainerItemProxy */;
		};
/* End PBXTargetDependency section */

/* Begin PBXVariantGroup section */
		280DB1471EF17C52000CDDD8 /* Main.storyboard */ = {
			isa = PBXVariantGroup;
			children = (
				280DB1481EF17C52000CDDD8 /* Base */,
			);
			name = Main.storyboard;
			sourceTree = "<group>";
		};
		280DB14C1EF17C52000CDDD8 /* LaunchScreen.storyboard */ = {
			isa = PBXVariantGroup;
			children = (
				280DB14D1EF17C52000CDDD8 /* Base */,
			);
			name = LaunchScreen.storyboard;
			sourceTree = "<group>";
		};
/* End PBXVariantGroup section */

/* Begin XCBuildConfiguration section */
		280DB1661EF17C52000CDDD8 /* Debug */ = {
			isa = XCBuildConfiguration;
			buildSettings = {
				ALWAYS_SEARCH_USER_PATHS = NO;
				CLANG_ANALYZER_NONNULL = YES;
				CLANG_CXX_LANGUAGE_STANDARD = "gnu++0x";
				CLANG_CXX_LIBRARY = "libc++";
				CLANG_ENABLE_MODULES = YES;
				CLANG_ENABLE_OBJC_ARC = YES;
				CLANG_WARN_BOOL_CONVERSION = YES;
				CLANG_WARN_CONSTANT_CONVERSION = YES;
				CLANG_WARN_DIRECT_OBJC_ISA_USAGE = YES_ERROR;
				CLANG_WARN_DOCUMENTATION_COMMENTS = YES;
				CLANG_WARN_EMPTY_BODY = YES;
				CLANG_WARN_ENUM_CONVERSION = YES;
				CLANG_WARN_INFINITE_RECURSION = YES;
				CLANG_WARN_INT_CONVERSION = YES;
				CLANG_WARN_OBJC_ROOT_CLASS = YES_ERROR;
				CLANG_WARN_SUSPICIOUS_MOVE = YES;
				CLANG_WARN_UNREACHABLE_CODE = YES;
				CLANG_WARN__DUPLICATE_METHOD_MATCH = YES;
				"CODE_SIGN_IDENTITY[sdk=iphoneos*]" = "iPhone Developer";
				COPY_PHASE_STRIP = NO;
				DEBUG_INFORMATION_FORMAT = dwarf;
				ENABLE_STRICT_OBJC_MSGSEND = YES;
				ENABLE_TESTABILITY = YES;
				GCC_C_LANGUAGE_STANDARD = gnu99;
				GCC_DYNAMIC_NO_PIC = NO;
				GCC_NO_COMMON_BLOCKS = YES;
				GCC_OPTIMIZATION_LEVEL = 0;
				GCC_PREPROCESSOR_DEFINITIONS = (
					"DEBUG=1",
					"$(inherited)",
				);
				GCC_WARN_64_TO_32_BIT_CONVERSION = YES;
				GCC_WARN_ABOUT_RETURN_TYPE = YES_ERROR;
				GCC_WARN_UNDECLARED_SELECTOR = YES;
				GCC_WARN_UNINITIALIZED_AUTOS = YES_AGGRESSIVE;
				GCC_WARN_UNUSED_FUNCTION = YES;
				GCC_WARN_UNUSED_VARIABLE = YES;
				IPHONEOS_DEPLOYMENT_TARGET = 10.2;
				MTL_ENABLE_DEBUG_INFO = YES;
				ONLY_ACTIVE_ARCH = YES;
				SDKROOT = iphoneos;
			};
			name = Debug;
		};
		280DB1671EF17C52000CDDD8 /* Release */ = {
			isa = XCBuildConfiguration;
			buildSettings = {
				ALWAYS_SEARCH_USER_PATHS = NO;
				CLANG_ANALYZER_NONNULL = YES;
				CLANG_CXX_LANGUAGE_STANDARD = "gnu++0x";
				CLANG_CXX_LIBRARY = "libc++";
				CLANG_ENABLE_MODULES = YES;
				CLANG_ENABLE_OBJC_ARC = YES;
				CLANG_WARN_BOOL_CONVERSION = YES;
				CLANG_WARN_CONSTANT_CONVERSION = YES;
				CLANG_WARN_DIRECT_OBJC_ISA_USAGE = YES_ERROR;
				CLANG_WARN_DOCUMENTATION_COMMENTS = YES;
				CLANG_WARN_EMPTY_BODY = YES;
				CLANG_WARN_ENUM_CONVERSION = YES;
				CLANG_WARN_INFINITE_RECURSION = YES;
				CLANG_WARN_INT_CONVERSION = YES;
				CLANG_WARN_OBJC_ROOT_CLASS = YES_ERROR;
				CLANG_WARN_SUSPICIOUS_MOVE = YES;
				CLANG_WARN_UNREACHABLE_CODE = YES;
				CLANG_WARN__DUPLICATE_METHOD_MATCH = YES;
				"CODE_SIGN_IDENTITY[sdk=iphoneos*]" = "iPhone Developer";
				COPY_PHASE_STRIP = NO;
				DEBUG_INFORMATION_FORMAT = "dwarf-with-dsym";
				ENABLE_NS_ASSERTIONS = NO;
				ENABLE_STRICT_OBJC_MSGSEND = YES;
				GCC_C_LANGUAGE_STANDARD = gnu99;
				GCC_NO_COMMON_BLOCKS = YES;
				GCC_WARN_64_TO_32_BIT_CONVERSION = YES;
				GCC_WARN_ABOUT_RETURN_TYPE = YES_ERROR;
				GCC_WARN_UNDECLARED_SELECTOR = YES;
				GCC_WARN_UNINITIALIZED_AUTOS = YES_AGGRESSIVE;
				GCC_WARN_UNUSED_FUNCTION = YES;
				GCC_WARN_UNUSED_VARIABLE = YES;
				IPHONEOS_DEPLOYMENT_TARGET = 10.2;
				MTL_ENABLE_DEBUG_INFO = NO;
				SDKROOT = iphoneos;
				VALIDATE_PRODUCT = YES;
			};
			name = Release;
		};
		280DB1691EF17C52000CDDD8 /* Debug */ = {
			isa = XCBuildConfiguration;
			buildSettings = {
				ASSETCATALOG_COMPILER_APPICON_NAME = AppIcon;
				DEVELOPMENT_TEAM = MCD2K9S9H7;
				INFOPLIST_FILE = Runloop/Info.plist;
				LD_RUNPATH_SEARCH_PATHS = "$(inherited) @executable_path/Frameworks";
				PRODUCT_BUNDLE_IDENTIFIER = com.db.company.Runloop;
				PRODUCT_NAME = "$(TARGET_NAME)";
			};
			name = Debug;
		};
		280DB16A1EF17C52000CDDD8 /* Release */ = {
			isa = XCBuildConfiguration;
			buildSettings = {
				ASSETCATALOG_COMPILER_APPICON_NAME = AppIcon;
				DEVELOPMENT_TEAM = MCD2K9S9H7;
				INFOPLIST_FILE = Runloop/Info.plist;
				LD_RUNPATH_SEARCH_PATHS = "$(inherited) @executable_path/Frameworks";
				PRODUCT_BUNDLE_IDENTIFIER = com.db.company.Runloop;
				PRODUCT_NAME = "$(TARGET_NAME)";
			};
			name = Release;
		};
		280DB16C1EF17C52000CDDD8 /* Debug */ = {
			isa = XCBuildConfiguration;
			buildSettings = {
				BUNDLE_LOADER = "$(TEST_HOST)";
				DEVELOPMENT_TEAM = TACS654R37;
				INFOPLIST_FILE = RunloopTests/Info.plist;
				LD_RUNPATH_SEARCH_PATHS = "$(inherited) @executable_path/Frameworks @loader_path/Frameworks";
				PRODUCT_BUNDLE_IDENTIFIER = com.db.company.RunloopTests;
				PRODUCT_NAME = "$(TARGET_NAME)";
				TEST_HOST = "$(BUILT_PRODUCTS_DIR)/Runloop.app/Runloop";
			};
			name = Debug;
		};
		280DB16D1EF17C52000CDDD8 /* Release */ = {
			isa = XCBuildConfiguration;
			buildSettings = {
				BUNDLE_LOADER = "$(TEST_HOST)";
				DEVELOPMENT_TEAM = TACS654R37;
				INFOPLIST_FILE = RunloopTests/Info.plist;
				LD_RUNPATH_SEARCH_PATHS = "$(inherited) @executable_path/Frameworks @loader_path/Frameworks";
				PRODUCT_BUNDLE_IDENTIFIER = com.db.company.RunloopTests;
				PRODUCT_NAME = "$(TARGET_NAME)";
				TEST_HOST = "$(BUILT_PRODUCTS_DIR)/Runloop.app/Runloop";
			};
			name = Release;
		};
		280DB16F1EF17C52000CDDD8 /* Debug */ = {
			isa = XCBuildConfiguration;
			buildSettings = {
				DEVELOPMENT_TEAM = TACS654R37;
				INFOPLIST_FILE = RunloopUITests/Info.plist;
				LD_RUNPATH_SEARCH_PATHS = "$(inherited) @executable_path/Frameworks @loader_path/Frameworks";
				PRODUCT_BUNDLE_IDENTIFIER = com.db.company.RunloopUITests;
				PRODUCT_NAME = "$(TARGET_NAME)";
				TEST_TARGET_NAME = Runloop;
			};
			name = Debug;
		};
		280DB1701EF17C52000CDDD8 /* Release */ = {
			isa = XCBuildConfiguration;
			buildSettings = {
				DEVELOPMENT_TEAM = TACS654R37;
				INFOPLIST_FILE = RunloopUITests/Info.plist;
				LD_RUNPATH_SEARCH_PATHS = "$(inherited) @executable_path/Frameworks @loader_path/Frameworks";
				PRODUCT_BUNDLE_IDENTIFIER = com.db.company.RunloopUITests;
				PRODUCT_NAME = "$(TARGET_NAME)";
				TEST_TARGET_NAME = Runloop;
			};
			name = Release;
		};
/* End XCBuildConfiguration section */

/* Begin XCConfigurationList section */
		280DB1361EF17C52000CDDD8 /* Build configuration list for PBXProject "Runloop" */ = {
			isa = XCConfigurationList;
			buildConfigurations = (
				280DB1661EF17C52000CDDD8 /* Debug */,
				280DB1671EF17C52000CDDD8 /* Release */,
			);
			defaultConfigurationIsVisible = 0;
			defaultConfigurationName = Release;
		};
		280DB1681EF17C52000CDDD8 /* Build configuration list for PBXNativeTarget "Runloop" */ = {
			isa = XCConfigurationList;
			buildConfigurations = (
				280DB1691EF17C52000CDDD8 /* Debug */,
				280DB16A1EF17C52000CDDD8 /* Release */,
			);
			defaultConfigurationIsVisible = 0;
		};
		280DB16B1EF17C52000CDDD8 /* Build configuration list for PBXNativeTarget "RunloopTests" */ = {
			isa = XCConfigurationList;
			buildConfigurations = (
				280DB16C1EF17C52000CDDD8 /* Debug */,
				280DB16D1EF17C52000CDDD8 /* Release */,
			);
			defaultConfigurationIsVisible = 0;
		};
		280DB16E1EF17C52000CDDD8 /* Build configuration list for PBXNativeTarget "RunloopUITests" */ = {
			isa = XCConfigurationList;
			buildConfigurations = (
				280DB16F1EF17C52000CDDD8 /* Debug */,
				280DB1701EF17C52000CDDD8 /* Release */,
			);
			defaultConfigurationIsVisible = 0;
		};
/* End XCConfigurationList section */
	};
	rootObject = 280DB1331EF17C52000CDDD8 /* Project object */;
}
